PODS:
  - AFNetworking (3.1.0):
    - AFNetworking/NSURLSession (= 3.1.0)
    - AFNetworking/Reachability (= 3.1.0)
    - AFNetworking/Security (= 3.1.0)
    - AFNetworking/Serialization (= 3.1.0)
    - AFNetworking/UIKit (= 3.1.0)
  - AFNetworking/NSURLSession (3.1.0):
    - AFNetworking/Reachability
    - AFNetworking/Security
    - AFNetworking/Serialization
  - AFNetworking/Reachability (3.1.0)
  - AFNetworking/Security (3.1.0)
  - AFNetworking/Serialization (3.1.0)
  - AFNetworking/UIKit (3.1.0):
    - AFNetworking/NSURLSession
  - DACircularProgress (2.3.1)
  - FMDB (2.6.2):
    - FMDB/standard (= 2.6.2)
  - FMDB/standard (2.6.2)
  - HMSegmentedControl (1.5.2)
  - IDMPhotoBrowser (1.8.4):
    - DACircularProgress
    - pop
    - SDWebImage
  - IQKeyboardManager (4.0.4)
  - KVOController (1.1.0)
  - Masonry (1.0.1)
  - MGSwipeTableCell (1.5.5)
  - MJRefresh (3.1.12)
  - NullSafe (1.2.2)
  - Pingpp/Alipay (2.2.6):
    - Pingpp/Core
  - Pingpp/Core (2.2.6):
    - Pingpp/Network
  - Pingpp/Network (2.2.6)
  - Pingpp/Wx (2.2.6):
    - Pingpp/Core
  - pop (1.0.9)
  - SDWebImage (3.8.1):
    - SDWebImage/Core (= 3.8.1)
  - SDWebImage/Core (3.8.1)
  - Shimmer (1.0.2)
  - TPKeyboardAvoiding (1.3)
  - TZImagePickerController (1.5.0)
  - UITextView+Placeholder (1.2.0)
  - WSProgressHUD (1.1.0):
    - Shimmer
  - WZLBadge (1.2.4)
  - YYKit (1.0.7):
    - YYKit/no-arc (= 1.0.7)
  - YYKit/no-arc (1.0.7)

DEPENDENCIES:
  - AFNetworking (~> 3.1.0)
  - FMDB (~> 2.6.2)
  - HMSegmentedControl
  - IDMPhotoBrowser (~> 1.8.4)
  - IQKeyboardManager (~> 4.0.4)
  - KVOController (~> 1.1.0)
  - Masonry (~> 1.0.1)
  - MGSwipeTableCell (~> 1.5.5)
  - MJRefresh (~> 3.1.9)
  - NullSafe
  - Pingpp/Alipay (~> 2.2.5)
  - Pingpp/Wx (~> 2.2.5)
  - SDWebImage (~> 3.8.1)
  - TPKeyboardAvoiding
  - TZImagePickerController (~> 1.5.0)
  - UITextView+Placeholder (~> 1.2)
  - WSProgressHUD (~> 1.1.0)
  - WZLBadge (~> 1.2.4)
  - YYKit (~> 1.0.7)

SPEC CHECKSUMS:
  AFNetworking: 5e0e199f73d8626b11e79750991f5d173d1f8b67
  DACircularProgress: 4dd437c0fc3da5161cb289e07ac449493d41db71
  FMDB: 854a0341b4726e53276f2a8996f06f1b80f9259a
  HMSegmentedControl: 83b9686022d2176fb6457d2bdb61e5d6393fed7d
  IDMPhotoBrowser: b574fe3229754e701f32df271afbc4ac7e4e1997
  IQKeyboardManager: 4a6f83b540283c2645aaeba2bd8dc0f09b5c77f8
  KVOController: 321b5fc59300fcaabd42c0f679baa7a27efbb2fd
  Masonry: a1a931a0d08870ed8ae415a2ea5ea68ebcac77df
  MGSwipeTableCell: bafeb5f351124544c9364ecbdf24c7b06a37d340
  MJRefresh: b96cdb21c4aa75a7b07654311ab2f315c497e806
  NullSafe: cbf1f77a24558e49bc76e2673f31250d3087c792
  Pingpp: d1f2e98467cc6658cf533406908fc699bb28420c
  pop: f667631a5108a2e60d9e8797c9b32ddaf2080bce
  SDWebImage: 35f9627a3e44b4f292a8a8ce6a531fa488239b91
  Shimmer: c5374be1c2b0c9e292fb05b339a513cf291cac86
  TPKeyboardAvoiding: a5138f318c06fb3e151f886e18ce4a72695d9cbe
  TZImagePickerController: d09eef6042852a9dd19224ae4e874f7430852a51
  UITextView+Placeholder: 77680995fcdd07c3f52ec92fe1150874a2ac89ff
  WSProgressHUD: 1304d6445ca683dfc71c48a43c9e9d0d6ad021c9
  WZLBadge: 6c63f68fa5943d472fe6b1048929a4e479f6e43d
  YYKit: 843d1b26e20b82c695790c9a89907eaa1e99907f

COCOAPODS: 0.39.0
