// !$*UTF8*$!
{
	archiveVersion = 1;
	classes = {
	};
	objectVersion = 46;
	objects = {

/* Begin PBXBuildFile section */
		0B24B5671E4C134400E6FBB4 /* HZImagePickerViewController.m in Sources */ = {isa = PBXBuildFile; fileRef = 0B24B5661E4C134400E6FBB4 /* HZImagePickerViewController.m */; };
		0B6A16831DE445C2009C9675 /* HZNetworkManager.m in Sources */ = {isa = PBXBuildFile; fileRef = 0B6A16821DE445C2009C9675 /* HZNetworkManager.m */; };
		0BA861D21DE56D75000E15D8 /* NSString+Extension.m in Sources */ = {isa = PBXBuildFile; fileRef = 0BA861D11DE56D75000E15D8 /* NSString+Extension.m */; };
		0BA861D51DE572BC000E15D8 /* HZGuideView.m in Sources */ = {isa = PBXBuildFile; fileRef = 0BA861D41DE572BC000E15D8 /* HZGuideView.m */; };
		0BA861DA1DE574DB000E15D8 /* UIImage+Extension.m in Sources */ = {isa = PBXBuildFile; fileRef = 0BA861D91DE574DB000E15D8 /* UIImage+Extension.m */; };
		0BBF255D1DD4494400165883 /* main.m in Sources */ = {isa = PBXBuildFile; fileRef = 0BBF255C1DD4494400165883 /* main.m */; };
		0BBF25761DD4494500165883 /* HZPerfectProjectTests.m in Sources */ = {isa = PBXBuildFile; fileRef = 0BBF25751DD4494500165883 /* HZPerfectProjectTests.m */; };
		0BBF25811DD4494500165883 /* HZPerfectProjectUITests.m in Sources */ = {isa = PBXBuildFile; fileRef = 0BBF25801DD4494500165883 /* HZPerfectProjectUITests.m */; };
		0BBF259D1DD44D2000165883 /* AppDelegate.m in Sources */ = {isa = PBXBuildFile; fileRef = 0BBF259A1DD44D2000165883 /* AppDelegate.m */; };
		0BBF259E1DD44D2000165883 /* AppDelegate.m in Sources */ = {isa = PBXBuildFile; fileRef = 0BBF259A1DD44D2000165883 /* AppDelegate.m */; };
		0BBF259F1DD44D2000165883 /* AppDelegate.m in Sources */ = {isa = PBXBuildFile; fileRef = 0BBF259A1DD44D2000165883 /* AppDelegate.m */; };
		0BBF25A01DD44D2000165883 /* ViewController.m in Sources */ = {isa = PBXBuildFile; fileRef = 0BBF259C1DD44D2000165883 /* ViewController.m */; };
		0BBF25A11DD44D2000165883 /* ViewController.m in Sources */ = {isa = PBXBuildFile; fileRef = 0BBF259C1DD44D2000165883 /* ViewController.m */; };
		0BBF25A21DD44D2000165883 /* ViewController.m in Sources */ = {isa = PBXBuildFile; fileRef = 0BBF259C1DD44D2000165883 /* ViewController.m */; };
		0BBF25AA1DD44D8F00165883 /* Assets.xcassets in Resources */ = {isa = PBXBuildFile; fileRef = 0BBF25A31DD44D8F00165883 /* Assets.xcassets */; };
		0BBF25AB1DD44D8F00165883 /* Assets.xcassets in Resources */ = {isa = PBXBuildFile; fileRef = 0BBF25A31DD44D8F00165883 /* Assets.xcassets */; };
		0BBF25AC1DD44D8F00165883 /* Assets.xcassets in Resources */ = {isa = PBXBuildFile; fileRef = 0BBF25A31DD44D8F00165883 /* Assets.xcassets */; };
		0BBF25AD1DD44D8F00165883 /* LaunchScreen.storyboard in Resources */ = {isa = PBXBuildFile; fileRef = 0BBF25A51DD44D8F00165883 /* LaunchScreen.storyboard */; };
		0BBF25AE1DD44D8F00165883 /* LaunchScreen.storyboard in Resources */ = {isa = PBXBuildFile; fileRef = 0BBF25A51DD44D8F00165883 /* LaunchScreen.storyboard */; };
		0BBF25AF1DD44D8F00165883 /* LaunchScreen.storyboard in Resources */ = {isa = PBXBuildFile; fileRef = 0BBF25A51DD44D8F00165883 /* LaunchScreen.storyboard */; };
		0BBF25B01DD44D8F00165883 /* Main.storyboard in Resources */ = {isa = PBXBuildFile; fileRef = 0BBF25A71DD44D8F00165883 /* Main.storyboard */; };
		0BBF25B11DD44D8F00165883 /* Main.storyboard in Resources */ = {isa = PBXBuildFile; fileRef = 0BBF25A71DD44D8F00165883 /* Main.storyboard */; };
		0BBF25B21DD44D8F00165883 /* Main.storyboard in Resources */ = {isa = PBXBuildFile; fileRef = 0BBF25A71DD44D8F00165883 /* Main.storyboard */; };
		0BBF25B71DD44DE400165883 /* Info.plist in Resources */ = {isa = PBXBuildFile; fileRef = 0BBF25B61DD44DE400165883 /* Info.plist */; };
		0BBF25B81DD44DE400165883 /* Info.plist in Resources */ = {isa = PBXBuildFile; fileRef = 0BBF25B61DD44DE400165883 /* Info.plist */; };
		0BBF25B91DD44DE400165883 /* Info.plist in Resources */ = {isa = PBXBuildFile; fileRef = 0BBF25B61DD44DE400165883 /* Info.plist */; };
		0BDC09221DE2C7500022AAEC /* HZRootTabBarViewController.m in Sources */ = {isa = PBXBuildFile; fileRef = 0BDC09211DE2C7500022AAEC /* HZRootTabBarViewController.m */; };
		0BDC09381DE2CBBC0022AAEC /* UIView+CalcLayout.m in Sources */ = {isa = PBXBuildFile; fileRef = 0BDC09371DE2CBBC0022AAEC /* UIView+CalcLayout.m */; };
		0BDC093D1DE2D1ED0022AAEC /* HZBaseTableViewCell.m in Sources */ = {isa = PBXBuildFile; fileRef = 0BDC093C1DE2D1ED0022AAEC /* HZBaseTableViewCell.m */; };
		0BDC09401DE2D2370022AAEC /* HZBaseLine.m in Sources */ = {isa = PBXBuildFile; fileRef = 0BDC093F1DE2D2370022AAEC /* HZBaseLine.m */; };
		0BDC09461DE2D43B0022AAEC /* HZBaseListViewController.m in Sources */ = {isa = PBXBuildFile; fileRef = 0BDC09431DE2D43B0022AAEC /* HZBaseListViewController.m */; };
		0BDC09471DE2D43B0022AAEC /* HZBaseViewController.m in Sources */ = {isa = PBXBuildFile; fileRef = 0BDC09451DE2D43B0022AAEC /* HZBaseViewController.m */; };
		0BDC094D1DE2D47C0022AAEC /* HZHomeViewController.m in Sources */ = {isa = PBXBuildFile; fileRef = 0BDC094C1DE2D47C0022AAEC /* HZHomeViewController.m */; };
		0BDC09501DE2D4890022AAEC /* HZMineViewController.m in Sources */ = {isa = PBXBuildFile; fileRef = 0BDC094F1DE2D4890022AAEC /* HZMineViewController.m */; };
		3FDEB4962D356C4B3CECCCBD /* libPods-HZPerfectProject.a in Frameworks */ = {isa = PBXBuildFile; fileRef = 811A047E6573BB4B007EBBC6 /* libPods-HZPerfectProject.a */; };
/* End PBXBuildFile section */

/* Begin PBXContainerItemProxy section */
		0BBF25721DD4494500165883 /* PBXContainerItemProxy */ = {
			isa = PBXContainerItemProxy;
			containerPortal = 0BBF25501DD4494400165883 /* Project object */;
			proxyType = 1;
			remoteGlobalIDString = 0BBF25571DD4494400165883;
			remoteInfo = HZPerfectProject;
		};
		0BBF257D1DD4494500165883 /* PBXContainerItemProxy */ = {
			isa = PBXContainerItemProxy;
			containerPortal = 0BBF25501DD4494400165883 /* Project object */;
			proxyType = 1;
			remoteGlobalIDString = 0BBF25571DD4494400165883;
			remoteInfo = HZPerfectProject;
		};
/* End PBXContainerItemProxy section */

/* Begin PBXFileReference section */
		0B24B5651E4C134400E6FBB4 /* HZImagePickerViewController.h */ = {isa = PBXFileReference; fileEncoding = 4; lastKnownFileType = sourcecode.c.h; path = HZImagePickerViewController.h; sourceTree = "<group>"; };
		0B24B5661E4C134400E6FBB4 /* HZImagePickerViewController.m */ = {isa = PBXFileReference; fileEncoding = 4; lastKnownFileType = sourcecode.c.objc; path = HZImagePickerViewController.m; sourceTree = "<group>"; };
		0B6A16811DE445C2009C9675 /* HZNetworkManager.h */ = {isa = PBXFileReference; fileEncoding = 4; lastKnownFileType = sourcecode.c.h; path = HZNetworkManager.h; sourceTree = "<group>"; };
		0B6A16821DE445C2009C9675 /* HZNetworkManager.m */ = {isa = PBXFileReference; fileEncoding = 4; lastKnownFileType = sourcecode.c.objc; path = HZNetworkManager.m; sourceTree = "<group>"; };
		0B6A16841DE44664009C9675 /* HZAppMacro.h */ = {isa = PBXFileReference; fileEncoding = 4; lastKnownFileType = sourcecode.c.h; path = HZAppMacro.h; sourceTree = "<group>"; };
		0BA861CD1DE56B61000E15D8 /* HZPersistentDefine.h */ = {isa = PBXFileReference; fileEncoding = 4; lastKnownFileType = sourcecode.c.h; path = HZPersistentDefine.h; sourceTree = "<group>"; };
		0BA861CE1DE56BE0000E15D8 /* HZPathDefine.h */ = {isa = PBXFileReference; fileEncoding = 4; lastKnownFileType = sourcecode.c.h; path = HZPathDefine.h; sourceTree = "<group>"; };
		0BA861D01DE56D75000E15D8 /* NSString+Extension.h */ = {isa = PBXFileReference; fileEncoding = 4; lastKnownFileType = sourcecode.c.h; path = "NSString+Extension.h"; sourceTree = "<group>"; };
		0BA861D11DE56D75000E15D8 /* NSString+Extension.m */ = {isa = PBXFileReference; fileEncoding = 4; lastKnownFileType = sourcecode.c.objc; path = "NSString+Extension.m"; sourceTree = "<group>"; };
		0BA861D31DE572BC000E15D8 /* HZGuideView.h */ = {isa = PBXFileReference; fileEncoding = 4; lastKnownFileType = sourcecode.c.h; path = HZGuideView.h; sourceTree = "<group>"; };
		0BA861D41DE572BC000E15D8 /* HZGuideView.m */ = {isa = PBXFileReference; fileEncoding = 4; lastKnownFileType = sourcecode.c.objc; path = HZGuideView.m; sourceTree = "<group>"; };
		0BA861D61DE573A6000E15D8 /* HZColorDefine.h */ = {isa = PBXFileReference; fileEncoding = 4; lastKnownFileType = sourcecode.c.h; path = HZColorDefine.h; sourceTree = "<group>"; };
		0BA861D81DE574DB000E15D8 /* UIImage+Extension.h */ = {isa = PBXFileReference; fileEncoding = 4; lastKnownFileType = sourcecode.c.h; path = "UIImage+Extension.h"; sourceTree = "<group>"; };
		0BA861D91DE574DB000E15D8 /* UIImage+Extension.m */ = {isa = PBXFileReference; fileEncoding = 4; lastKnownFileType = sourcecode.c.objc; path = "UIImage+Extension.m"; sourceTree = "<group>"; };
		0BBF25581DD4494400165883 /* HZPerfectProject.app */ = {isa = PBXFileReference; explicitFileType = wrapper.application; includeInIndex = 0; path = HZPerfectProject.app; sourceTree = BUILT_PRODUCTS_DIR; };
		0BBF255C1DD4494400165883 /* main.m */ = {isa = PBXFileReference; lastKnownFileType = sourcecode.c.objc; path = main.m; sourceTree = "<group>"; };
		0BBF25711DD4494500165883 /* HZPerfectProjectTests.xctest */ = {isa = PBXFileReference; explicitFileType = wrapper.cfbundle; includeInIndex = 0; path = HZPerfectProjectTests.xctest; sourceTree = BUILT_PRODUCTS_DIR; };
		0BBF25751DD4494500165883 /* HZPerfectProjectTests.m */ = {isa = PBXFileReference; lastKnownFileType = sourcecode.c.objc; path = HZPerfectProjectTests.m; sourceTree = "<group>"; };
		0BBF25771DD4494500165883 /* Info.plist */ = {isa = PBXFileReference; lastKnownFileType = text.plist.xml; path = Info.plist; sourceTree = "<group>"; };
		0BBF257C1DD4494500165883 /* HZPerfectProjectUITests.xctest */ = {isa = PBXFileReference; explicitFileType = wrapper.cfbundle; includeInIndex = 0; path = HZPerfectProjectUITests.xctest; sourceTree = BUILT_PRODUCTS_DIR; };
		0BBF25801DD4494500165883 /* HZPerfectProjectUITests.m */ = {isa = PBXFileReference; lastKnownFileType = sourcecode.c.objc; path = HZPerfectProjectUITests.m; sourceTree = "<group>"; };
		0BBF25821DD4494500165883 /* Info.plist */ = {isa = PBXFileReference; lastKnownFileType = text.plist.xml; path = Info.plist; sourceTree = "<group>"; };
		0BBF258F1DD44A0800165883 /* HZPerfectProject-Prefix.pch */ = {isa = PBXFileReference; fileEncoding = 4; lastKnownFileType = sourcecode.c.h; path = "HZPerfectProject-Prefix.pch"; sourceTree = "<group>"; };
		0BBF25991DD44D2000165883 /* AppDelegate.h */ = {isa = PBXFileReference; fileEncoding = 4; lastKnownFileType = sourcecode.c.h; path = AppDelegate.h; sourceTree = "<group>"; };
		0BBF259A1DD44D2000165883 /* AppDelegate.m */ = {isa = PBXFileReference; fileEncoding = 4; lastKnownFileType = sourcecode.c.objc; path = AppDelegate.m; sourceTree = "<group>"; };
		0BBF259B1DD44D2000165883 /* ViewController.h */ = {isa = PBXFileReference; fileEncoding = 4; lastKnownFileType = sourcecode.c.h; path = ViewController.h; sourceTree = "<group>"; };
		0BBF259C1DD44D2000165883 /* ViewController.m */ = {isa = PBXFileReference; fileEncoding = 4; lastKnownFileType = sourcecode.c.objc; path = ViewController.m; sourceTree = "<group>"; };
		0BBF25A31DD44D8F00165883 /* Assets.xcassets */ = {isa = PBXFileReference; lastKnownFileType = folder.assetcatalog; path = Assets.xcassets; sourceTree = "<group>"; };
		0BBF25A61DD44D8F00165883 /* Base */ = {isa = PBXFileReference; lastKnownFileType = file.storyboard; name = Base; path = LaunchScreen.storyboard; sourceTree = "<group>"; };
		0BBF25A81DD44D8F00165883 /* Base */ = {isa = PBXFileReference; lastKnownFileType = file.storyboard; name = Base; path = Main.storyboard; sourceTree = "<group>"; };
		0BBF25B61DD44DE400165883 /* Info.plist */ = {isa = PBXFileReference; fileEncoding = 4; lastKnownFileType = text.plist.xml; path = Info.plist; sourceTree = "<group>"; };
		0BDC09201DE2C7500022AAEC /* HZRootTabBarViewController.h */ = {isa = PBXFileReference; fileEncoding = 4; lastKnownFileType = sourcecode.c.h; path = HZRootTabBarViewController.h; sourceTree = "<group>"; };
		0BDC09211DE2C7500022AAEC /* HZRootTabBarViewController.m */ = {isa = PBXFileReference; fileEncoding = 4; lastKnownFileType = sourcecode.c.objc; path = HZRootTabBarViewController.m; sourceTree = "<group>"; };
		0BDC09341DE2C91F0022AAEC /* HZViewDefine.h */ = {isa = PBXFileReference; fileEncoding = 4; lastKnownFileType = sourcecode.c.h; path = HZViewDefine.h; sourceTree = "<group>"; };
		0BDC09361DE2CBBC0022AAEC /* UIView+CalcLayout.h */ = {isa = PBXFileReference; fileEncoding = 4; lastKnownFileType = sourcecode.c.h; path = "UIView+CalcLayout.h"; sourceTree = "<group>"; };
		0BDC09371DE2CBBC0022AAEC /* UIView+CalcLayout.m */ = {isa = PBXFileReference; fileEncoding = 4; lastKnownFileType = sourcecode.c.objc; path = "UIView+CalcLayout.m"; sourceTree = "<group>"; };
		0BDC09391DE2CDDB0022AAEC /* HZCategoryDefine.h */ = {isa = PBXFileReference; fileEncoding = 4; lastKnownFileType = sourcecode.c.h; path = HZCategoryDefine.h; sourceTree = "<group>"; };
		0BDC093B1DE2D1ED0022AAEC /* HZBaseTableViewCell.h */ = {isa = PBXFileReference; fileEncoding = 4; lastKnownFileType = sourcecode.c.h; path = HZBaseTableViewCell.h; sourceTree = "<group>"; };
		0BDC093C1DE2D1ED0022AAEC /* HZBaseTableViewCell.m */ = {isa = PBXFileReference; fileEncoding = 4; lastKnownFileType = sourcecode.c.objc; path = HZBaseTableViewCell.m; sourceTree = "<group>"; };
		0BDC093E1DE2D2370022AAEC /* HZBaseLine.h */ = {isa = PBXFileReference; fileEncoding = 4; lastKnownFileType = sourcecode.c.h; path = HZBaseLine.h; sourceTree = "<group>"; };
		0BDC093F1DE2D2370022AAEC /* HZBaseLine.m */ = {isa = PBXFileReference; fileEncoding = 4; lastKnownFileType = sourcecode.c.objc; path = HZBaseLine.m; sourceTree = "<group>"; };
		0BDC09421DE2D43B0022AAEC /* HZBaseListViewController.h */ = {isa = PBXFileReference; fileEncoding = 4; lastKnownFileType = sourcecode.c.h; path = HZBaseListViewController.h; sourceTree = "<group>"; };
		0BDC09431DE2D43B0022AAEC /* HZBaseListViewController.m */ = {isa = PBXFileReference; fileEncoding = 4; lastKnownFileType = sourcecode.c.objc; path = HZBaseListViewController.m; sourceTree = "<group>"; };
		0BDC09441DE2D43B0022AAEC /* HZBaseViewController.h */ = {isa = PBXFileReference; fileEncoding = 4; lastKnownFileType = sourcecode.c.h; path = HZBaseViewController.h; sourceTree = "<group>"; };
		0BDC09451DE2D43B0022AAEC /* HZBaseViewController.m */ = {isa = PBXFileReference; fileEncoding = 4; lastKnownFileType = sourcecode.c.objc; path = HZBaseViewController.m; sourceTree = "<group>"; };
		0BDC094B1DE2D47C0022AAEC /* HZHomeViewController.h */ = {isa = PBXFileReference; fileEncoding = 4; lastKnownFileType = sourcecode.c.h; path = HZHomeViewController.h; sourceTree = "<group>"; };
		0BDC094C1DE2D47C0022AAEC /* HZHomeViewController.m */ = {isa = PBXFileReference; fileEncoding = 4; lastKnownFileType = sourcecode.c.objc; path = HZHomeViewController.m; sourceTree = "<group>"; };
		0BDC094E1DE2D4890022AAEC /* HZMineViewController.h */ = {isa = PBXFileReference; fileEncoding = 4; lastKnownFileType = sourcecode.c.h; path = HZMineViewController.h; sourceTree = "<group>"; };
		0BDC094F1DE2D4890022AAEC /* HZMineViewController.m */ = {isa = PBXFileReference; fileEncoding = 4; lastKnownFileType = sourcecode.c.objc; path = HZMineViewController.m; sourceTree = "<group>"; };
		20EA1624AC24219D197E1941 /* Pods-HZPerfectProject.release.xcconfig */ = {isa = PBXFileReference; includeInIndex = 1; lastKnownFileType = text.xcconfig; name = "Pods-HZPerfectProject.release.xcconfig"; path = "Pods/Target Support Files/Pods-HZPerfectProject/Pods-HZPerfectProject.release.xcconfig"; sourceTree = "<group>"; };
		6EB9FCB9398C043816B8C656 /* Pods-HZPerfectProject.debug.xcconfig */ = {isa = PBXFileReference; includeInIndex = 1; lastKnownFileType = text.xcconfig; name = "Pods-HZPerfectProject.debug.xcconfig"; path = "Pods/Target Support Files/Pods-HZPerfectProject/Pods-HZPerfectProject.debug.xcconfig"; sourceTree = "<group>"; };
		811A047E6573BB4B007EBBC6 /* libPods-HZPerfectProject.a */ = {isa = PBXFileReference; explicitFileType = archive.ar; includeInIndex = 0; path = "libPods-HZPerfectProject.a"; sourceTree = BUILT_PRODUCTS_DIR; };
/* End PBXFileReference section */

/* Begin PBXFrameworksBuildPhase section */
		0BBF25551DD4494400165883 /* Frameworks */ = {
			isa = PBXFrameworksBuildPhase;
			buildActionMask = 2147483647;
			files = (
				3FDEB4962D356C4B3CECCCBD /* libPods-HZPerfectProject.a in Frameworks */,
			);
			runOnlyForDeploymentPostprocessing = 0;
		};
		0BBF256E1DD4494500165883 /* Frameworks */ = {
			isa = PBXFrameworksBuildPhase;
			buildActionMask = 2147483647;
			files = (
			);
			runOnlyForDeploymentPostprocessing = 0;
		};
		0BBF25791DD4494500165883 /* Frameworks */ = {
			isa = PBXFrameworksBuildPhase;
			buildActionMask = 2147483647;
			files = (
			);
			runOnlyForDeploymentPostprocessing = 0;
		};
/* End PBXFrameworksBuildPhase section */

/* Begin PBXGroup section */
		0BA861CF1DE56D55000E15D8 /* NSString */ = {
			isa = PBXGroup;
			children = (
				0BA861D01DE56D75000E15D8 /* NSString+Extension.h */,
				0BA861D11DE56D75000E15D8 /* NSString+Extension.m */,
			);
			path = NSString;
			sourceTree = "<group>";
		};
		0BA861D71DE5749C000E15D8 /* UIImage */ = {
			isa = PBXGroup;
			children = (
				0BA861D81DE574DB000E15D8 /* UIImage+Extension.h */,
				0BA861D91DE574DB000E15D8 /* UIImage+Extension.m */,
			);
			path = UIImage;
			sourceTree = "<group>";
		};
		0BA861DB1DE57A8C000E15D8 /* CustomUI */ = {
			isa = PBXGroup;
			children = (
				0BA861DC1DE57A8C000E15D8 /* Controller */,
				0BA861DD1DE57A8C000E15D8 /* Model */,
				0BA861DE1DE57A8C000E15D8 /* View */,
			);
			path = CustomUI;
			sourceTree = "<group>";
		};
		0BA861DC1DE57A8C000E15D8 /* Controller */ = {
			isa = PBXGroup;
			children = (
			);
			path = Controller;
			sourceTree = "<group>";
		};
		0BA861DD1DE57A8C000E15D8 /* Model */ = {
			isa = PBXGroup;
			children = (
			);
			path = Model;
			sourceTree = "<group>";
		};
		0BA861DE1DE57A8C000E15D8 /* View */ = {
			isa = PBXGroup;
			children = (
			);
			path = View;
			sourceTree = "<group>";
		};
		0BBF254F1DD4494400165883 = {
			isa = PBXGroup;
			children = (
				0BBF255A1DD4494400165883 /* HZPerfectProject */,
				0BBF25741DD4494500165883 /* HZPerfectProjectTests */,
				0BBF257F1DD4494500165883 /* HZPerfectProjectUITests */,
				0BBF25591DD4494400165883 /* Products */,
				280A650E3AD773DF2D1BE043 /* Pods */,
				44CDAD7AC34C24E74E1DDB4B /* Frameworks */,
			);
			sourceTree = "<group>";
		};
		0BBF25591DD4494400165883 /* Products */ = {
			isa = PBXGroup;
			children = (
				0BBF25581DD4494400165883 /* HZPerfectProject.app */,
				0BBF25711DD4494500165883 /* HZPerfectProjectTests.xctest */,
				0BBF257C1DD4494500165883 /* HZPerfectProjectUITests.xctest */,
			);
			name = Products;
			sourceTree = "<group>";
		};
		0BBF255A1DD4494400165883 /* HZPerfectProject */ = {
			isa = PBXGroup;
			children = (
				0BBF25921DD44BBE00165883 /* Main */,
				0BDC091D1DE2C7110022AAEC /* Root */,
				0BBF25BA1DD44EAA00165883 /* Helpers */,
				0BBF25961DD44C1500165883 /* Sections */,
				0BBF25981DD44C9200165883 /* Venders */,
				0BBF25951DD44BFC00165883 /* Category */,
				0BBF25941DD44BE800165883 /* Macro */,
				0BBF25971DD44C6700165883 /* Resources */,
				0BBF255B1DD4494400165883 /* Supporting Files */,
			);
			path = HZPerfectProject;
			sourceTree = "<group>";
		};
		0BBF255B1DD4494400165883 /* Supporting Files */ = {
			isa = PBXGroup;
			children = (
				0BBF25B61DD44DE400165883 /* Info.plist */,
				0BBF255C1DD4494400165883 /* main.m */,
				0BBF258F1DD44A0800165883 /* HZPerfectProject-Prefix.pch */,
			);
			name = "Supporting Files";
			sourceTree = "<group>";
		};
		0BBF25741DD4494500165883 /* HZPerfectProjectTests */ = {
			isa = PBXGroup;
			children = (
				0BBF25751DD4494500165883 /* HZPerfectProjectTests.m */,
				0BBF25771DD4494500165883 /* Info.plist */,
			);
			path = HZPerfectProjectTests;
			sourceTree = "<group>";
		};
		0BBF257F1DD4494500165883 /* HZPerfectProjectUITests */ = {
			isa = PBXGroup;
			children = (
				0BBF25801DD4494500165883 /* HZPerfectProjectUITests.m */,
				0BBF25821DD4494500165883 /* Info.plist */,
			);
			path = HZPerfectProjectUITests;
			sourceTree = "<group>";
		};
		0BBF25921DD44BBE00165883 /* Main */ = {
			isa = PBXGroup;
			children = (
				0BBF25991DD44D2000165883 /* AppDelegate.h */,
				0BBF259A1DD44D2000165883 /* AppDelegate.m */,
				0BBF259B1DD44D2000165883 /* ViewController.h */,
				0BBF259C1DD44D2000165883 /* ViewController.m */,
			);
			path = Main;
			sourceTree = "<group>";
		};
		0BBF25941DD44BE800165883 /* Macro */ = {
			isa = PBXGroup;
			children = (
				0B6A16841DE44664009C9675 /* HZAppMacro.h */,
				0BDC09341DE2C91F0022AAEC /* HZViewDefine.h */,
				0BA861CE1DE56BE0000E15D8 /* HZPathDefine.h */,
				0BDC09391DE2CDDB0022AAEC /* HZCategoryDefine.h */,
				0BA861CD1DE56B61000E15D8 /* HZPersistentDefine.h */,
				0BA861D61DE573A6000E15D8 /* HZColorDefine.h */,
			);
			path = Macro;
			sourceTree = "<group>";
		};
		0BBF25951DD44BFC00165883 /* Category */ = {
			isa = PBXGroup;
			children = (
				0BA861D71DE5749C000E15D8 /* UIImage */,
				0BA861CF1DE56D55000E15D8 /* NSString */,
				0BDC09351DE2CB250022AAEC /* UIView */,
			);
			path = Category;
			sourceTree = "<group>";
		};
		0BBF25961DD44C1500165883 /* Sections */ = {
			isa = PBXGroup;
			children = (
				0BA861DB1DE57A8C000E15D8 /* CustomUI */,
				0BDC09231DE2C7B20022AAEC /* Home */,
				0BDC09271DE2C7B20022AAEC /* Mine */,
			);
			path = Sections;
			sourceTree = "<group>";
		};
		0BBF25971DD44C6700165883 /* Resources */ = {
			isa = PBXGroup;
			children = (
				0BBF25A51DD44D8F00165883 /* LaunchScreen.storyboard */,
				0BBF25A31DD44D8F00165883 /* Assets.xcassets */,
				0BBF25A71DD44D8F00165883 /* Main.storyboard */,
			);
			path = Resources;
			sourceTree = "<group>";
		};
		0BBF25981DD44C9200165883 /* Venders */ = {
			isa = PBXGroup;
			children = (
			);
			path = Venders;
			sourceTree = "<group>";
		};
		0BBF25BA1DD44EAA00165883 /* Helpers */ = {
			isa = PBXGroup;
			children = (
				0BBF25BC1DD44F1900165883 /* BaseClass */,
				0BBF25BE1DD44F6700165883 /* Manager */,
				0BBF25BB1DD44EF100165883 /* NetWork */,
			);
			path = Helpers;
			sourceTree = "<group>";
		};
		0BBF25BB1DD44EF100165883 /* NetWork */ = {
			isa = PBXGroup;
			children = (
				0B6A16811DE445C2009C9675 /* HZNetworkManager.h */,
				0B6A16821DE445C2009C9675 /* HZNetworkManager.m */,
			);
			path = NetWork;
			sourceTree = "<group>";
		};
		0BBF25BC1DD44F1900165883 /* BaseClass */ = {
			isa = PBXGroup;
			children = (
				0BDC09411DE2D4210022AAEC /* Controller */,
				0BDC093A1DE2D1CC0022AAEC /* View */,
			);
			path = BaseClass;
			sourceTree = "<group>";
		};
		0BBF25BE1DD44F6700165883 /* Manager */ = {
			isa = PBXGroup;
			children = (
			);
			path = Manager;
			sourceTree = "<group>";
		};
		0BDC091D1DE2C7110022AAEC /* Root */ = {
			isa = PBXGroup;
			children = (
				0BDC091F1DE2C71B0022AAEC /* View */,
				0BDC091E1DE2C71B0022AAEC /* Controller */,
			);
			path = Root;
			sourceTree = "<group>";
		};
		0BDC091E1DE2C71B0022AAEC /* Controller */ = {
			isa = PBXGroup;
			children = (
				0BDC09201DE2C7500022AAEC /* HZRootTabBarViewController.h */,
				0BDC09211DE2C7500022AAEC /* HZRootTabBarViewController.m */,
			);
			path = Controller;
			sourceTree = "<group>";
		};
		0BDC091F1DE2C71B0022AAEC /* View */ = {
			isa = PBXGroup;
			children = (
				0BA861D31DE572BC000E15D8 /* HZGuideView.h */,
				0BA861D41DE572BC000E15D8 /* HZGuideView.m */,
			);
			path = View;
			sourceTree = "<group>";
		};
		0BDC09231DE2C7B20022AAEC /* Home */ = {
			isa = PBXGroup;
			children = (
				0BDC09241DE2C7B20022AAEC /* Controller */,
				0BDC09251DE2C7B20022AAEC /* Model */,
				0BDC09261DE2C7B20022AAEC /* View */,
			);
			path = Home;
			sourceTree = "<group>";
		};
		0BDC09241DE2C7B20022AAEC /* Controller */ = {
			isa = PBXGroup;
			children = (
				0BDC094B1DE2D47C0022AAEC /* HZHomeViewController.h */,
				0BDC094C1DE2D47C0022AAEC /* HZHomeViewController.m */,
				0B24B5651E4C134400E6FBB4 /* HZImagePickerViewController.h */,
				0B24B5661E4C134400E6FBB4 /* HZImagePickerViewController.m */,
			);
			path = Controller;
			sourceTree = "<group>";
		};
		0BDC09251DE2C7B20022AAEC /* Model */ = {
			isa = PBXGroup;
			children = (
			);
			path = Model;
			sourceTree = "<group>";
		};
		0BDC09261DE2C7B20022AAEC /* View */ = {
			isa = PBXGroup;
			children = (
			);
			path = View;
			sourceTree = "<group>";
		};
		0BDC09271DE2C7B20022AAEC /* Mine */ = {
			isa = PBXGroup;
			children = (
				0BDC09281DE2C7B20022AAEC /* Controller */,
				0BDC09291DE2C7B20022AAEC /* Model */,
				0BDC092A1DE2C7B20022AAEC /* View */,
			);
			path = Mine;
			sourceTree = "<group>";
		};
		0BDC09281DE2C7B20022AAEC /* Controller */ = {
			isa = PBXGroup;
			children = (
				0BDC094E1DE2D4890022AAEC /* HZMineViewController.h */,
				0BDC094F1DE2D4890022AAEC /* HZMineViewController.m */,
			);
			path = Controller;
			sourceTree = "<group>";
		};
		0BDC09291DE2C7B20022AAEC /* Model */ = {
			isa = PBXGroup;
			children = (
			);
			path = Model;
			sourceTree = "<group>";
		};
		0BDC092A1DE2C7B20022AAEC /* View */ = {
			isa = PBXGroup;
			children = (
			);
			path = View;
			sourceTree = "<group>";
		};
		0BDC09351DE2CB250022AAEC /* UIView */ = {
			isa = PBXGroup;
			children = (
				0BDC09361DE2CBBC0022AAEC /* UIView+CalcLayout.h */,
				0BDC09371DE2CBBC0022AAEC /* UIView+CalcLayout.m */,
			);
			path = UIView;
			sourceTree = "<group>";
		};
		0BDC093A1DE2D1CC0022AAEC /* View */ = {
			isa = PBXGroup;
			children = (
				0BDC093B1DE2D1ED0022AAEC /* HZBaseTableViewCell.h */,
				0BDC093C1DE2D1ED0022AAEC /* HZBaseTableViewCell.m */,
				0BDC093E1DE2D2370022AAEC /* HZBaseLine.h */,
				0BDC093F1DE2D2370022AAEC /* HZBaseLine.m */,
			);
			path = View;
			sourceTree = "<group>";
		};
		0BDC09411DE2D4210022AAEC /* Controller */ = {
			isa = PBXGroup;
			children = (
				0BDC09421DE2D43B0022AAEC /* HZBaseListViewController.h */,
				0BDC09431DE2D43B0022AAEC /* HZBaseListViewController.m */,
				0BDC09441DE2D43B0022AAEC /* HZBaseViewController.h */,
				0BDC09451DE2D43B0022AAEC /* HZBaseViewController.m */,
			);
			path = Controller;
			sourceTree = "<group>";
		};
		280A650E3AD773DF2D1BE043 /* Pods */ = {
			isa = PBXGroup;
			children = (
				6EB9FCB9398C043816B8C656 /* Pods-HZPerfectProject.debug.xcconfig */,
				20EA1624AC24219D197E1941 /* Pods-HZPerfectProject.release.xcconfig */,
			);
			name = Pods;
			sourceTree = "<group>";
		};
		44CDAD7AC34C24E74E1DDB4B /* Frameworks */ = {
			isa = PBXGroup;
			children = (
				811A047E6573BB4B007EBBC6 /* libPods-HZPerfectProject.a */,
			);
			name = Frameworks;
			sourceTree = "<group>";
		};
/* End PBXGroup section */

/* Begin PBXNativeTarget section */
		0BBF25571DD4494400165883 /* HZPerfectProject */ = {
			isa = PBXNativeTarget;
			buildConfigurationList = 0BBF25851DD4494500165883 /* Build configuration list for PBXNativeTarget "HZPerfectProject" */;
			buildPhases = (
				FA478E677886D0B45B00C6F2 /* [CP] Check Pods Manifest.lock */,
				0BBF25541DD4494400165883 /* Sources */,
				0BBF25551DD4494400165883 /* Frameworks */,
				0BBF25561DD4494400165883 /* Resources */,
				5E286DF237567411FC47FE09 /* [CP] Embed Pods Frameworks */,
				C3D0AA18FE06207C3FC06014 /* [CP] Copy Pods Resources */,
			);
			buildRules = (
			);
			dependencies = (
			);
			name = HZPerfectProject;
			productName = HZPerfectProject;
			productReference = 0BBF25581DD4494400165883 /* HZPerfectProject.app */;
			productType = "com.apple.product-type.application";
		};
		0BBF25701DD4494500165883 /* HZPerfectProjectTests */ = {
			isa = PBXNativeTarget;
			buildConfigurationList = 0BBF25881DD4494500165883 /* Build configuration list for PBXNativeTarget "HZPerfectProjectTests" */;
			buildPhases = (
				0BBF256D1DD4494500165883 /* Sources */,
				0BBF256E1DD4494500165883 /* Frameworks */,
				0BBF256F1DD4494500165883 /* Resources */,
			);
			buildRules = (
			);
			dependencies = (
				0BBF25731DD4494500165883 /* PBXTargetDependency */,
			);
			name = HZPerfectProjectTests;
			productName = HZPerfectProjectTests;
			productReference = 0BBF25711DD4494500165883 /* HZPerfectProjectTests.xctest */;
			productType = "com.apple.product-type.bundle.unit-test";
		};
		0BBF257B1DD4494500165883 /* HZPerfectProjectUITests */ = {
			isa = PBXNativeTarget;
			buildConfigurationList = 0BBF258B1DD4494500165883 /* Build configuration list for PBXNativeTarget "HZPerfectProjectUITests" */;
			buildPhases = (
				0BBF25781DD4494500165883 /* Sources */,
				0BBF25791DD4494500165883 /* Frameworks */,
				0BBF257A1DD4494500165883 /* Resources */,
			);
			buildRules = (
			);
			dependencies = (
				0BBF257E1DD4494500165883 /* PBXTargetDependency */,
			);
			name = HZPerfectProjectUITests;
			productName = HZPerfectProjectUITests;
			productReference = 0BBF257C1DD4494500165883 /* HZPerfectProjectUITests.xctest */;
			productType = "com.apple.product-type.bundle.ui-testing";
		};
/* End PBXNativeTarget section */

/* Begin PBXProject section */
		0BBF25501DD4494400165883 /* Project object */ = {
			isa = PBXProject;
			attributes = {
				LastUpgradeCheck = 0800;
				ORGANIZATIONNAME = Andy;
				TargetAttributes = {
					0BBF25571DD4494400165883 = {
						CreatedOnToolsVersion = 8.0;
						ProvisioningStyle = Manual;
					};
					0BBF25701DD4494500165883 = {
						CreatedOnToolsVersion = 8.0;
						ProvisioningStyle = Automatic;
						TestTargetID = 0BBF25571DD4494400165883;
					};
					0BBF257B1DD4494500165883 = {
						CreatedOnToolsVersion = 8.0;
						ProvisioningStyle = Automatic;
						TestTargetID = 0BBF25571DD4494400165883;
					};
				};
			};
			buildConfigurationList = 0BBF25531DD4494400165883 /* Build configuration list for PBXProject "HZPerfectProject" */;
			compatibilityVersion = "Xcode 3.2";
			developmentRegion = English;
			hasScannedForEncodings = 0;
			knownRegions = (
				en,
				Base,
			);
			mainGroup = 0BBF254F1DD4494400165883;
			productRefGroup = 0BBF25591DD4494400165883 /* Products */;
			projectDirPath = "";
			projectRoot = "";
			targets = (
				0BBF25571DD4494400165883 /* HZPerfectProject */,
				0BBF25701DD4494500165883 /* HZPerfectProjectTests */,
				0BBF257B1DD4494500165883 /* HZPerfectProjectUITests */,
			);
		};
/* End PBXProject section */

/* Begin PBXResourcesBuildPhase section */
		0BBF25561DD4494400165883 /* Resources */ = {
			isa = PBXResourcesBuildPhase;
			buildActionMask = 2147483647;
			files = (
				0BBF25B71DD44DE400165883 /* Info.plist in Resources */,
				0BBF25B01DD44D8F00165883 /* Main.storyboard in Resources */,
				0BBF25AA1DD44D8F00165883 /* Assets.xcassets in Resources */,
				0BBF25AD1DD44D8F00165883 /* LaunchScreen.storyboard in Resources */,
			);
			runOnlyForDeploymentPostprocessing = 0;
		};
		0BBF256F1DD4494500165883 /* Resources */ = {
			isa = PBXResourcesBuildPhase;
			buildActionMask = 2147483647;
			files = (
				0BBF25B81DD44DE400165883 /* Info.plist in Resources */,
				0BBF25B11DD44D8F00165883 /* Main.storyboard in Resources */,
				0BBF25AB1DD44D8F00165883 /* Assets.xcassets in Resources */,
				0BBF25AE1DD44D8F00165883 /* LaunchScreen.storyboard in Resources */,
			);
			runOnlyForDeploymentPostprocessing = 0;
		};
		0BBF257A1DD4494500165883 /* Resources */ = {
			isa = PBXResourcesBuildPhase;
			buildActionMask = 2147483647;
			files = (
				0BBF25B91DD44DE400165883 /* Info.plist in Resources */,
				0BBF25B21DD44D8F00165883 /* Main.storyboard in Resources */,
				0BBF25AC1DD44D8F00165883 /* Assets.xcassets in Resources */,
				0BBF25AF1DD44D8F00165883 /* LaunchScreen.storyboard in Resources */,
			);
			runOnlyForDeploymentPostprocessing = 0;
		};
/* End PBXResourcesBuildPhase section */

/* Begin PBXShellScriptBuildPhase section */
		5E286DF237567411FC47FE09 /* [CP] Embed Pods Frameworks */ = {
			isa = PBXShellScriptBuildPhase;
			buildActionMask = 2147483647;
			files = (
			);
			inputPaths = (
			);
			name = "[CP] Embed Pods Frameworks";
			outputPaths = (
			);
			runOnlyForDeploymentPostprocessing = 0;
			shellPath = /bin/sh;
			shellScript = "\"${SRCROOT}/Pods/Target Support Files/Pods-HZPerfectProject/Pods-HZPerfectProject-frameworks.sh\"\n";
			showEnvVarsInLog = 0;
		};
		C3D0AA18FE06207C3FC06014 /* [CP] Copy Pods Resources */ = {
			isa = PBXShellScriptBuildPhase;
			buildActionMask = 2147483647;
			files = (
			);
			inputPaths = (
				"${SRCROOT}/Pods/Target Support Files/Pods-HZPerfectProject/Pods-HZPerfectProject-resources.sh",
				"${PODS_ROOT}/MJRefresh/MJRefresh/MJRefresh.bundle",
				"${PODS_ROOT}/WSProgressHUD/WSProgressHUD/WSProgressBundle.bundle",
			);
			name = "[CP] Copy Pods Resources";
			outputPaths = (
				"${TARGET_BUILD_DIR}/${UNLOCALIZED_RESOURCES_FOLDER_PATH}",
			);
			runOnlyForDeploymentPostprocessing = 0;
			shellPath = /bin/sh;
			shellScript = "\"${SRCROOT}/Pods/Target Support Files/Pods-HZPerfectProject/Pods-HZPerfectProject-resources.sh\"\n";
			showEnvVarsInLog = 0;
		};
		FA478E677886D0B45B00C6F2 /* [CP] Check Pods Manifest.lock */ = {
			isa = PBXShellScriptBuildPhase;
			buildActionMask = 2147483647;
			files = (
			);
			inputPaths = (
				"${PODS_PODFILE_DIR_PATH}/Podfile.lock",
				"${PODS_ROOT}/Manifest.lock",
			);
			name = "[CP] Check Pods Manifest.lock";
			outputPaths = (
				"$(DERIVED_FILE_DIR)/Pods-HZPerfectProject-checkManifestLockResult.txt",
			);
			runOnlyForDeploymentPostprocessing = 0;
			shellPath = /bin/sh;
			shellScript = "diff \"${PODS_PODFILE_DIR_PATH}/Podfile.lock\" \"${PODS_ROOT}/Manifest.lock\" > /dev/null\nif [ $? != 0 ] ; then\n    # print error to STDERR\n    echo \"error: The sandbox is not in sync with the Podfile.lock. Run 'pod install' or update your CocoaPods installation.\" >&2\n    exit 1\nfi\n# This output is used by Xcode 'outputs' to avoid re-running this script phase.\necho \"SUCCESS\" > \"${SCRIPT_OUTPUT_FILE_0}\"\n";
			showEnvVarsInLog = 0;
		};
/* End PBXShellScriptBuildPhase section */

/* Begin PBXSourcesBuildPhase section */
		0BBF25541DD4494400165883 /* Sources */ = {
			isa = PBXSourcesBuildPhase;
			buildActionMask = 2147483647;
			files = (
				0BA861DA1DE574DB000E15D8 /* UIImage+Extension.m in Sources */,
				0B6A16831DE445C2009C9675 /* HZNetworkManager.m in Sources */,
				0BDC093D1DE2D1ED0022AAEC /* HZBaseTableViewCell.m in Sources */,
				0BDC09501DE2D4890022AAEC /* HZMineViewController.m in Sources */,
				0BDC09471DE2D43B0022AAEC /* HZBaseViewController.m in Sources */,
				0BDC09221DE2C7500022AAEC /* HZRootTabBarViewController.m in Sources */,
				0BDC09381DE2CBBC0022AAEC /* UIView+CalcLayout.m in Sources */,
				0BA861D21DE56D75000E15D8 /* NSString+Extension.m in Sources */,
				0BBF25A01DD44D2000165883 /* ViewController.m in Sources */,
				0BBF259D1DD44D2000165883 /* AppDelegate.m in Sources */,
				0B24B5671E4C134400E6FBB4 /* HZImagePickerViewController.m in Sources */,
				0BA861D51DE572BC000E15D8 /* HZGuideView.m in Sources */,
				0BDC09461DE2D43B0022AAEC /* HZBaseListViewController.m in Sources */,
				0BDC094D1DE2D47C0022AAEC /* HZHomeViewController.m in Sources */,
				0BBF255D1DD4494400165883 /* main.m in Sources */,
				0BDC09401DE2D2370022AAEC /* HZBaseLine.m in Sources */,
			);
			runOnlyForDeploymentPostprocessing = 0;
		};
		0BBF256D1DD4494500165883 /* Sources */ = {
			isa = PBXSourcesBuildPhase;
			buildActionMask = 2147483647;
			files = (
				0BBF25A11DD44D2000165883 /* ViewController.m in Sources */,
				0BBF259E1DD44D2000165883 /* AppDelegate.m in Sources */,
				0BBF25761DD4494500165883 /* HZPerfectProjectTests.m in Sources */,
			);
			runOnlyForDeploymentPostprocessing = 0;
		};
		0BBF25781DD4494500165883 /* Sources */ = {
			isa = PBXSourcesBuildPhase;
			buildActionMask = 2147483647;
			files = (
				0BBF25A21DD44D2000165883 /* ViewController.m in Sources */,
				0BBF259F1DD44D2000165883 /* AppDelegate.m in Sources */,
				0BBF25811DD4494500165883 /* HZPerfectProjectUITests.m in Sources */,
			);
			runOnlyForDeploymentPostprocessing = 0;
		};
/* End PBXSourcesBuildPhase section */

/* Begin PBXTargetDependency section */
		0BBF25731DD4494500165883 /* PBXTargetDependency */ = {
			isa = PBXTargetDependency;
			target = 0BBF25571DD4494400165883 /* HZPerfectProject */;
			targetProxy = 0BBF25721DD4494500165883 /* PBXContainerItemProxy */;
		};
		0BBF257E1DD4494500165883 /* PBXTargetDependency */ = {
			isa = PBXTargetDependency;
			target = 0BBF25571DD4494400165883 /* HZPerfectProject */;
			targetProxy = 0BBF257D1DD4494500165883 /* PBXContainerItemProxy */;
		};
/* End PBXTargetDependency section */

/* Begin PBXVariantGroup section */
		0BBF25A51DD44D8F00165883 /* LaunchScreen.storyboard */ = {
			isa = PBXVariantGroup;
			children = (
				0BBF25A61DD44D8F00165883 /* Base */,
			);
			name = LaunchScreen.storyboard;
			path = Base.lproj;
			sourceTree = "<group>";
		};
		0BBF25A71DD44D8F00165883 /* Main.storyboard */ = {
			isa = PBXVariantGroup;
			children = (
				0BBF25A81DD44D8F00165883 /* Base */,
			);
			name = Main.storyboard;
			path = Base.lproj;
			sourceTree = "<group>";
		};
/* End PBXVariantGroup section */

/* Begin XCBuildConfiguration section */
		0BBF25831DD4494500165883 /* Debug */ = {
			isa = XCBuildConfiguration;
			buildSettings = {
				ALWAYS_SEARCH_USER_PATHS = NO;
				CLANG_ANALYZER_NONNULL = YES;
				CLANG_CXX_LANGUAGE_STANDARD = "gnu++0x";
				CLANG_CXX_LIBRARY = "libc++";
				CLANG_ENABLE_MODULES = YES;
				CLANG_ENABLE_OBJC_ARC = YES;
				CLANG_WARN_BOOL_CONVERSION = YES;
				CLANG_WARN_CONSTANT_CONVERSION = YES;
				CLANG_WARN_DIRECT_OBJC_ISA_USAGE = YES_ERROR;
				CLANG_WARN_DOCUMENTATION_COMMENTS = YES;
				CLANG_WARN_EMPTY_BODY = YES;
				CLANG_WARN_ENUM_CONVERSION = YES;
				CLANG_WARN_INFINITE_RECURSION = YES;
				CLANG_WARN_INT_CONVERSION = YES;
				CLANG_WARN_OBJC_ROOT_CLASS = YES_ERROR;
				CLANG_WARN_SUSPICIOUS_MOVES = YES;
				CLANG_WARN_UNREACHABLE_CODE = YES;
				CLANG_WARN__DUPLICATE_METHOD_MATCH = YES;
				"CODE_SIGN_IDENTITY[sdk=iphoneos*]" = "iPhone Developer";
				COPY_PHASE_STRIP = NO;
				DEBUG_INFORMATION_FORMAT = dwarf;
				ENABLE_STRICT_OBJC_MSGSEND = YES;
				ENABLE_TESTABILITY = YES;
				GCC_C_LANGUAGE_STANDARD = gnu99;
				GCC_DYNAMIC_NO_PIC = NO;
				GCC_NO_COMMON_BLOCKS = YES;
				GCC_OPTIMIZATION_LEVEL = 0;
				GCC_PREPROCESSOR_DEFINITIONS = (
					"DEBUG=1",
					"$(inherited)",
				);
				GCC_WARN_64_TO_32_BIT_CONVERSION = YES;
				GCC_WARN_ABOUT_RETURN_TYPE = YES_ERROR;
				GCC_WARN_UNDECLARED_SELECTOR = YES;
				GCC_WARN_UNINITIALIZED_AUTOS = YES_AGGRESSIVE;
				GCC_WARN_UNUSED_FUNCTION = YES;
				GCC_WARN_UNUSED_VARIABLE = YES;
				IPHONEOS_DEPLOYMENT_TARGET = 10.0;
				MTL_ENABLE_DEBUG_INFO = YES;
				ONLY_ACTIVE_ARCH = YES;
				SDKROOT = iphoneos;
			};
			name = Debug;
		};
		0BBF25841DD4494500165883 /* Release */ = {
			isa = XCBuildConfiguration;
			buildSettings = {
				ALWAYS_SEARCH_USER_PATHS = NO;
				CLANG_ANALYZER_NONNULL = YES;
				CLANG_CXX_LANGUAGE_STANDARD = "gnu++0x";
				CLANG_CXX_LIBRARY = "libc++";
				CLANG_ENABLE_MODULES = YES;
				CLANG_ENABLE_OBJC_ARC = YES;
				CLANG_WARN_BOOL_CONVERSION = YES;
				CLANG_WARN_CONSTANT_CONVERSION = YES;
				CLANG_WARN_DIRECT_OBJC_ISA_USAGE = YES_ERROR;
				CLANG_WARN_DOCUMENTATION_COMMENTS = YES;
				CLANG_WARN_EMPTY_BODY = YES;
				CLANG_WARN_ENUM_CONVERSION = YES;
				CLANG_WARN_INFINITE_RECURSION = YES;
				CLANG_WARN_INT_CONVERSION = YES;
				CLANG_WARN_OBJC_ROOT_CLASS = YES_ERROR;
				CLANG_WARN_SUSPICIOUS_MOVES = YES;
				CLANG_WARN_UNREACHABLE_CODE = YES;
				CLANG_WARN__DUPLICATE_METHOD_MATCH = YES;
				"CODE_SIGN_IDENTITY[sdk=iphoneos*]" = "iPhone Developer";
				COPY_PHASE_STRIP = NO;
				DEBUG_INFORMATION_FORMAT = "dwarf-with-dsym";
				ENABLE_NS_ASSERTIONS = NO;
				ENABLE_STRICT_OBJC_MSGSEND = YES;
				GCC_C_LANGUAGE_STANDARD = gnu99;
				GCC_NO_COMMON_BLOCKS = YES;
				GCC_WARN_64_TO_32_BIT_CONVERSION = YES;
				GCC_WARN_ABOUT_RETURN_TYPE = YES_ERROR;
				GCC_WARN_UNDECLARED_SELECTOR = YES;
				GCC_WARN_UNINITIALIZED_AUTOS = YES_AGGRESSIVE;
				GCC_WARN_UNUSED_FUNCTION = YES;
				GCC_WARN_UNUSED_VARIABLE = YES;
				IPHONEOS_DEPLOYMENT_TARGET = 10.0;
				MTL_ENABLE_DEBUG_INFO = NO;
				SDKROOT = iphoneos;
				VALIDATE_PRODUCT = YES;
			};
			name = Release;
		};
		0BBF25861DD4494500165883 /* Debug */ = {
			isa = XCBuildConfiguration;
			baseConfigurationReference = 6EB9FCB9398C043816B8C656 /* Pods-HZPerfectProject.debug.xcconfig */;
			buildSettings = {
				ASSETCATALOG_COMPILER_APPICON_NAME = AppIcon;
				DEVELOPMENT_TEAM = "";
				GCC_PRECOMPILE_PREFIX_HEADER = YES;
				GCC_PREFIX_HEADER = "HZPerfectProject/HZPerfectProject-Prefix.pch";
				INFOPLIST_FILE = HZPerfectProject/Info.plist;
				LD_RUNPATH_SEARCH_PATHS = "$(inherited) @executable_path/Frameworks";
				PRODUCT_BUNDLE_IDENTIFIER = com.Andy.HZPerfectProject;
				PRODUCT_NAME = "$(TARGET_NAME)";
				PROVISIONING_PROFILE_SPECIFIER = "";
			};
			name = Debug;
		};
		0BBF25871DD4494500165883 /* Release */ = {
			isa = XCBuildConfiguration;
			baseConfigurationReference = 20EA1624AC24219D197E1941 /* Pods-HZPerfectProject.release.xcconfig */;
			buildSettings = {
				ASSETCATALOG_COMPILER_APPICON_NAME = AppIcon;
				DEVELOPMENT_TEAM = "";
				GCC_PRECOMPILE_PREFIX_HEADER = YES;
				GCC_PREFIX_HEADER = "HZPerfectProject/HZPerfectProject-Prefix.pch";
				INFOPLIST_FILE = HZPerfectProject/Info.plist;
				LD_RUNPATH_SEARCH_PATHS = "$(inherited) @executable_path/Frameworks";
				PRODUCT_BUNDLE_IDENTIFIER = com.Andy.HZPerfectProject;
				PRODUCT_NAME = "$(TARGET_NAME)";
				PROVISIONING_PROFILE_SPECIFIER = "";
			};
			name = Release;
		};
		0BBF25891DD4494500165883 /* Debug */ = {
			isa = XCBuildConfiguration;
			buildSettings = {
				BUNDLE_LOADER = "$(TEST_HOST)";
				INFOPLIST_FILE = HZPerfectProjectTests/Info.plist;
				LD_RUNPATH_SEARCH_PATHS = "$(inherited) @executable_path/Frameworks @loader_path/Frameworks";
				PRODUCT_BUNDLE_IDENTIFIER = com.Andy.HZPerfectProjectTests;
				PRODUCT_NAME = "$(TARGET_NAME)";
				TEST_HOST = "$(BUILT_PRODUCTS_DIR)/HZPerfectProject.app/HZPerfectProject";
			};
			name = Debug;
		};
		0BBF258A1DD4494500165883 /* Release */ = {
			isa = XCBuildConfiguration;
			buildSettings = {
				BUNDLE_LOADER = "$(TEST_HOST)";
				INFOPLIST_FILE = HZPerfectProjectTests/Info.plist;
				LD_RUNPATH_SEARCH_PATHS = "$(inherited) @executable_path/Frameworks @loader_path/Frameworks";
				PRODUCT_BUNDLE_IDENTIFIER = com.Andy.HZPerfectProjectTests;
				PRODUCT_NAME = "$(TARGET_NAME)";
				TEST_HOST = "$(BUILT_PRODUCTS_DIR)/HZPerfectProject.app/HZPerfectProject";
			};
			name = Release;
		};
		0BBF258C1DD4494500165883 /* Debug */ = {
			isa = XCBuildConfiguration;
			buildSettings = {
				INFOPLIST_FILE = HZPerfectProjectUITests/Info.plist;
				LD_RUNPATH_SEARCH_PATHS = "$(inherited) @executable_path/Frameworks @loader_path/Frameworks";
				PRODUCT_BUNDLE_IDENTIFIER = com.Andy.HZPerfectProjectUITests;
				PRODUCT_NAME = "$(TARGET_NAME)";
				TEST_TARGET_NAME = HZPerfectProject;
			};
			name = Debug;
		};
		0BBF258D1DD4494500165883 /* Release */ = {
			isa = XCBuildConfiguration;
			buildSettings = {
				INFOPLIST_FILE = HZPerfectProjectUITests/Info.plist;
				LD_RUNPATH_SEARCH_PATHS = "$(inherited) @executable_path/Frameworks @loader_path/Frameworks";
				PRODUCT_BUNDLE_IDENTIFIER = com.Andy.HZPerfectProjectUITests;
				PRODUCT_NAME = "$(TARGET_NAME)";
				TEST_TARGET_NAME = HZPerfectProject;
			};
			name = Release;
		};
/* End XCBuildConfiguration section */

/* Begin XCConfigurationList section */
		0BBF25531DD4494400165883 /* Build configuration list for PBXProject "HZPerfectProject" */ = {
			isa = XCConfigurationList;
			buildConfigurations = (
				0BBF25831DD4494500165883 /* Debug */,
				0BBF25841DD4494500165883 /* Release */,
			);
			defaultConfigurationIsVisible = 0;
			defaultConfigurationName = Release;
		};
		0BBF25851DD4494500165883 /* Build configuration list for PBXNativeTarget "HZPerfectProject" */ = {
			isa = XCConfigurationList;
			buildConfigurations = (
				0BBF25861DD4494500165883 /* Debug */,
				0BBF25871DD4494500165883 /* Release */,
			);
			defaultConfigurationIsVisible = 0;
			defaultConfigurationName = Release;
		};
		0BBF25881DD4494500165883 /* Build configuration list for PBXNativeTarget "HZPerfectProjectTests" */ = {
			isa = XCConfigurationList;
			buildConfigurations = (
				0BBF25891DD4494500165883 /* Debug */,
				0BBF258A1DD4494500165883 /* Release */,
			);
			defaultConfigurationIsVisible = 0;
			defaultConfigurationName = Release;
		};
		0BBF258B1DD4494500165883 /* Build configuration list for PBXNativeTarget "HZPerfectProjectUITests" */ = {
			isa = XCConfigurationList;
			buildConfigurations = (
				0BBF258C1DD4494500165883 /* Debug */,
				0BBF258D1DD4494500165883 /* Release */,
			);
			defaultConfigurationIsVisible = 0;
			defaultConfigurationName = Release;
		};
/* End XCConfigurationList section */
	};
	rootObject = 0BBF25501DD4494400165883 /* Project object */;
}
